# THIS IS AN AUTOGENERATED FILE. DO NOT EDIT THIS FILE DIRECTLY.
# yarn lockfile v1


htm@^3.0.4:
  version "3.0.4"
  resolved "https://registry.yarnpkg.com/htm/-/htm-3.0.4.tgz#c90c891645d2d792bdb9f8c867964b18e3503718"
  integrity sha512-VRdvxX3tmrXuT/Ovt59NMp/ORMFi4bceFMDjos1PV4E0mV+5votuID8R60egR9A4U8nLt238R/snlJGz3UYiTQ==

preact-render-to-string@^5.1.11:
  version "5.1.11"
  resolved "https://registry.yarnpkg.com/preact-render-to-string/-/preact-render-to-string-5.1.11.tgz#7d8d77c23ef40ae6abc3d390b7430b3cb6206020"
  integrity sha512-8DXkx8WzeUexYyh9ZjlBSsqcJVOndidw10t1MK1gLx6at4QxQE3RfqaObPgy5WOnw2piyh9kanNB7w7+dmaq4g==
  dependencies:
    pretty-format "^3.8.0"

preact@^10.5.5:
  version "10.5.5"
  resolved "https://registry.yarnpkg.com/preact/-/preact-10.5.5.tgz#c6c172ca751df27483350b8ab622abc12956e997"
  integrity sha512-5ONLNH1SXMzzbQoExZX4TELemNt+TEDb622xXFNfZngjjM9qtrzseJt+EfiUu4TZ6EJ95X5sE1ES4yqHFSIdhg==

prettier@^2.1.2:
  version "2.1.2"
  resolved "https://registry.yarnpkg.com/prettier/-/prettier-2.1.2.tgz#3050700dae2e4c8b67c4c3f666cdb8af405e1ce5"
  integrity sha512-16c7K+x4qVlJg9rEbXl7HEGmQyZlG4R9AgP+oHKRMsMsuk8s+ATStlf1NpDqyBI1HpVyfjLOeMhH2LvuNvV5Vg==

pretty-format@^3.8.0:
  version "3.8.0"
  resolved "https://registry.yarnpkg.com/pretty-format/-/pretty-format-3.8.0.tgz#bfbed56d5e9a776645f4b1ff7aa1a3ac4fa3c385"
  integrity sha1-v77VbV6ad2ZF9LH/eqGjrE+jw4U=
